
Microsoft Visual Studio Solution File, Format Version 12.00
# Visual Studio Version 17
VisualStudioVersion = 17.0.31903.59
MinimumVisualStudioVersion = 10.0.40219.1
Project("{2150E333-8FDC-42A3-9474-1A3956D46DE8}") = "src", "src", "{95FD5D1D-B699-441E-9968-79B25DF431FB}"
EndProject
Project("{FAE04EC0-301F-11D3-BF4B-00C04F79EFBC}") = "Qiosk.App", "src\Qiosk.App\Qiosk.App.csproj", "{D436D0C1-4238-487A-8BD6-9D709DC584D2}"
EndProject
Global
	GlobalSection(SolutionConfigurationPlatforms) = preSolution
		Debug|Any CPU = Debug|Any CPU
		Release|Any CPU = Release|Any CPU
	EndGlobalSection
	GlobalSection(SolutionProperties) = preSolution
		HideSolutionNode = FALSE
	EndGlobalSection
	GlobalSection(ProjectConfigurationPlatforms) = postSolution
		{D436D0C1-4238-487A-8BD6-9D709DC584D2}.Debug|Any CPU.ActiveCfg = Debug|Any CPU
		{D436D0C1-4238-487A-8BD6-9D709DC584D2}.Debug|Any CPU.Build.0 = Debug|Any CPU
		{D436D0C1-4238-487A-8BD6-9D709DC584D2}.Release|Any CPU.ActiveCfg = Release|Any CPU
		{D436D0C1-4238-487A-8BD6-9D709DC584D2}.Release|Any CPU.Build.0 = Release|Any CPU
	EndGlobalSection
	GlobalSection(NestedProjects) = preSolution
		{D436D0C1-4238-487A-8BD6-9D709DC584D2} = {95FD5D1D-B699-441E-9968-79B25DF431FB}
	EndGlobalSection
EndGlobal
